// !$*UTF8*$!
{
	archiveVersion = 1;
	classes = {
	};
	objectVersion = 46;
	objects = {

/* Begin PBXBuildFile section */
		3CFB8707181E0E1E00E24FC2 /* Foundation.framework in Frameworks */ = {isa = PBXBuildFile; fileRef = 3CFB8706181E0E1E00E24FC2 /* Foundation.framework */; };
		3CFB8709181E0E1E00E24FC2 /* CoreGraphics.framework in Frameworks */ = {isa = PBXBuildFile; fileRef = 3CFB8708181E0E1E00E24FC2 /* CoreGraphics.framework */; };
		3CFB870B181E0E1E00E24FC2 /* UIKit.framework in Frameworks */ = {isa = PBXBuildFile; fileRef = 3CFB870A181E0E1E00E24FC2 /* UIKit.framework */; };
		3CFB8711181E0E1E00E24FC2 /* InfoPlist.strings in Resources */ = {isa = PBXBuildFile; fileRef = 3CFB870F181E0E1E00E24FC2 /* InfoPlist.strings */; };
		3CFB8713181E0E1E00E24FC2 /* main.m in Sources */ = {isa = PBXBuildFile; fileRef = 3CFB8712181E0E1E00E24FC2 /* main.m */; };
		3CFB8717181E0E1E00E24FC2 /* ZGCAppDelegate.m in Sources */ = {isa = PBXBuildFile; fileRef = 3CFB8716181E0E1E00E24FC2 /* ZGCAppDelegate.m */; };
		3CFB8719181E0E1E00E24FC2 /* Images.xcassets in Resources */ = {isa = PBXBuildFile; fileRef = 3CFB8718181E0E1E00E24FC2 /* Images.xcassets */; };
		3CFB8720181E0E1E00E24FC2 /* XCTest.framework in Frameworks */ = {isa = PBXBuildFile; fileRef = 3CFB871F181E0E1E00E24FC2 /* XCTest.framework */; };
		3CFB8721181E0E1E00E24FC2 /* Foundation.framework in Frameworks */ = {isa = PBXBuildFile; fileRef = 3CFB8706181E0E1E00E24FC2 /* Foundation.framework */; };
		3CFB8722181E0E1E00E24FC2 /* UIKit.framework in Frameworks */ = {isa = PBXBuildFile; fileRef = 3CFB870A181E0E1E00E24FC2 /* UIKit.framework */; };
		3CFB872A181E0E1E00E24FC2 /* InfoPlist.strings in Resources */ = {isa = PBXBuildFile; fileRef = 3CFB8728181E0E1E00E24FC2 /* InfoPlist.strings */; };
		3CFB872C181E0E1E00E24FC2 /* ZCGV2Tests.m in Sources */ = {isa = PBXBuildFile; fileRef = 3CFB872B181E0E1E00E24FC2 /* ZCGV2Tests.m */; };
		3CFB874C181E0F4000E24FC2 /* FeedController.m in Sources */ = {isa = PBXBuildFile; fileRef = 3CFB874B181E0F4000E24FC2 /* FeedController.m */; };
		3CFB874F181E0F4D00E24FC2 /* DDMenuController.m in Sources */ = {isa = PBXBuildFile; fileRef = 3CFB874E181E0F4D00E24FC2 /* DDMenuController.m */; };
		3CFB8752181E0F6900E24FC2 /* nav_menu_icon@2x.png in Resources */ = {isa = PBXBuildFile; fileRef = 3CFB8751181E0F6900E24FC2 /* nav_menu_icon@2x.png */; };
		3CFB8758181E348900E24FC2 /* LeftController.m in Sources */ = {isa = PBXBuildFile; fileRef = 3CFB8756181E348900E24FC2 /* LeftController.m */; };
		3CFB8759181E348900E24FC2 /* LeftController.xib in Resources */ = {isa = PBXBuildFile; fileRef = 3CFB8757181E348900E24FC2 /* LeftController.xib */; };
		3CFB8767181E470700E24FC2 /* RightController.m in Sources */ = {isa = PBXBuildFile; fileRef = 3CFB8765181E470700E24FC2 /* RightController.m */; };
		3CFB8768181E470700E24FC2 /* RightController.xib in Resources */ = {isa = PBXBuildFile; fileRef = 3CFB8766181E470700E24FC2 /* RightController.xib */; };
		3CFB8777181E50F200E24FC2 /* NSObject+SBJSON.m in Sources */ = {isa = PBXBuildFile; fileRef = 3CFB876C181E50F200E24FC2 /* NSObject+SBJSON.m */; };
		3CFB8778181E50F200E24FC2 /* NSString+SBJSON.m in Sources */ = {isa = PBXBuildFile; fileRef = 3CFB876E181E50F200E24FC2 /* NSString+SBJSON.m */; };
		3CFB8779181E50F200E24FC2 /* SBJSON.m in Sources */ = {isa = PBXBuildFile; fileRef = 3CFB8770181E50F200E24FC2 /* SBJSON.m */; settings = {COMPILER_FLAGS = "-fno-objc-arc"; }; };
		3CFB877A181E50F200E24FC2 /* SBJsonBase.m in Sources */ = {isa = PBXBuildFile; fileRef = 3CFB8772181E50F200E24FC2 /* SBJsonBase.m */; settings = {COMPILER_FLAGS = "-fno-objc-arc"; }; };
		3CFB877B181E50F200E24FC2 /* SBJsonParser.m in Sources */ = {isa = PBXBuildFile; fileRef = 3CFB8774181E50F200E24FC2 /* SBJsonParser.m */; settings = {COMPILER_FLAGS = "-fno-objc-arc"; }; };
		3CFB877C181E50F200E24FC2 /* SBJsonWriter.m in Sources */ = {isa = PBXBuildFile; fileRef = 3CFB8776181E50F200E24FC2 /* SBJsonWriter.m */; settings = {COMPILER_FLAGS = "-fno-objc-arc"; }; };
		3CFB8782181E6BE000E24FC2 /* WeatherCell.m in Sources */ = {isa = PBXBuildFile; fileRef = 3CFB8781181E6BE000E24FC2 /* WeatherCell.m */; };
		3CFB8784181E6C0600E24FC2 /* WeatherCell.xib in Resources */ = {isa = PBXBuildFile; fileRef = 3CFB8783181E6C0600E24FC2 /* WeatherCell.xib */; };
		3CFB8787181E72A300E24FC2 /* HeadWeatherView.m in Sources */ = {isa = PBXBuildFile; fileRef = 3CFB8786181E72A300E24FC2 /* HeadWeatherView.m */; };
/* End PBXBuildFile section */

/* Begin PBXContainerItemProxy section */
		3CFB8723181E0E1E00E24FC2 /* PBXContainerItemProxy */ = {
			isa = PBXContainerItemProxy;
			containerPortal = 3CFB86FB181E0E1E00E24FC2 /* Project object */;
			proxyType = 1;
			remoteGlobalIDString = 3CFB8702181E0E1E00E24FC2;
			remoteInfo = ZCGV2;
		};
/* End PBXContainerItemProxy section */

/* Begin PBXFileReference section */
		3CFB8703181E0E1E00E24FC2 /* ZCGV2.app */ = {isa = PBXFileReference; explicitFileType = wrapper.application; includeInIndex = 0; path = ZCGV2.app; sourceTree = BUILT_PRODUCTS_DIR; };
		3CFB8706181E0E1E00E24FC2 /* Foundation.framework */ = {isa = PBXFileReference; lastKnownFileType = wrapper.framework; name = Foundation.framework; path = System/Library/Frameworks/Foundation.framework; sourceTree = SDKROOT; };
		3CFB8708181E0E1E00E24FC2 /* CoreGraphics.framework */ = {isa = PBXFileReference; lastKnownFileType = wrapper.framework; name = CoreGraphics.framework; path = System/Library/Frameworks/CoreGraphics.framework; sourceTree = SDKROOT; };
		3CFB870A181E0E1E00E24FC2 /* UIKit.framework */ = {isa = PBXFileReference; lastKnownFileType = wrapper.framework; name = UIKit.framework; path = System/Library/Frameworks/UIKit.framework; sourceTree = SDKROOT; };
		3CFB870E181E0E1E00E24FC2 /* ZCGV2-Info.plist */ = {isa = PBXFileReference; lastKnownFileType = text.plist.xml; path = "ZCGV2-Info.plist"; sourceTree = "<group>"; };
		3CFB8710181E0E1E00E24FC2 /* en */ = {isa = PBXFileReference; lastKnownFileType = text.plist.strings; name = en; path = en.lproj/InfoPlist.strings; sourceTree = "<group>"; };
		3CFB8712181E0E1E00E24FC2 /* main.m */ = {isa = PBXFileReference; lastKnownFileType = sourcecode.c.objc; path = main.m; sourceTree = "<group>"; };
		3CFB8714181E0E1E00E24FC2 /* ZCGV2-Prefix.pch */ = {isa = PBXFileReference; lastKnownFileType = sourcecode.c.h; path = "ZCGV2-Prefix.pch"; sourceTree = "<group>"; };
		3CFB8715181E0E1E00E24FC2 /* ZGCAppDelegate.h */ = {isa = PBXFileReference; lastKnownFileType = sourcecode.c.h; path = ZGCAppDelegate.h; sourceTree = "<group>"; };
		3CFB8716181E0E1E00E24FC2 /* ZGCAppDelegate.m */ = {isa = PBXFileReference; lastKnownFileType = sourcecode.c.objc; path = ZGCAppDelegate.m; sourceTree = "<group>"; };
		3CFB8718181E0E1E00E24FC2 /* Images.xcassets */ = {isa = PBXFileReference; lastKnownFileType = folder.assetcatalog; path = Images.xcassets; sourceTree = "<group>"; };
		3CFB871E181E0E1E00E24FC2 /* ZCGV2Tests.xctest */ = {isa = PBXFileReference; explicitFileType = wrapper.cfbundle; includeInIndex = 0; path = ZCGV2Tests.xctest; sourceTree = BUILT_PRODUCTS_DIR; };
		3CFB871F181E0E1E00E24FC2 /* XCTest.framework */ = {isa = PBXFileReference; lastKnownFileType = wrapper.framework; name = XCTest.framework; path = Library/Frameworks/XCTest.framework; sourceTree = DEVELOPER_DIR; };
		3CFB8727181E0E1E00E24FC2 /* ZCGV2Tests-Info.plist */ = {isa = PBXFileReference; lastKnownFileType = text.plist.xml; path = "ZCGV2Tests-Info.plist"; sourceTree = "<group>"; };
		3CFB8729181E0E1E00E24FC2 /* en */ = {isa = PBXFileReference; lastKnownFileType = text.plist.strings; name = en; path = en.lproj/InfoPlist.strings; sourceTree = "<group>"; };
		3CFB872B181E0E1E00E24FC2 /* ZCGV2Tests.m */ = {isa = PBXFileReference; lastKnownFileType = sourcecode.c.objc; path = ZCGV2Tests.m; sourceTree = "<group>"; };
		3CFB874A181E0F4000E24FC2 /* FeedController.h */ = {isa = PBXFileReference; fileEncoding = 4; lastKnownFileType = sourcecode.c.h; path = FeedController.h; sourceTree = "<group>"; };
		3CFB874B181E0F4000E24FC2 /* FeedController.m */ = {isa = PBXFileReference; fileEncoding = 4; lastKnownFileType = sourcecode.c.objc; path = FeedController.m; sourceTree = "<group>"; };
		3CFB874D181E0F4D00E24FC2 /* DDMenuController.h */ = {isa = PBXFileReference; fileEncoding = 4; lastKnownFileType = sourcecode.c.h; path = DDMenuController.h; sourceTree = "<group>"; };
		3CFB874E181E0F4D00E24FC2 /* DDMenuController.m */ = {isa = PBXFileReference; fileEncoding = 4; lastKnownFileType = sourcecode.c.objc; path = DDMenuController.m; sourceTree = "<group>"; };
		3CFB8751181E0F6900E24FC2 /* nav_menu_icon@2x.png */ = {isa = PBXFileReference; lastKnownFileType = image.png; path = "nav_menu_icon@2x.png"; sourceTree = "<group>"; };
		3CFB8755181E348900E24FC2 /* LeftController.h */ = {isa = PBXFileReference; fileEncoding = 4; lastKnownFileType = sourcecode.c.h; path = LeftController.h; sourceTree = "<group>"; };
		3CFB8756181E348900E24FC2 /* LeftController.m */ = {isa = PBXFileReference; fileEncoding = 4; lastKnownFileType = sourcecode.c.objc; path = LeftController.m; sourceTree = "<group>"; };
		3CFB8757181E348900E24FC2 /* LeftController.xib */ = {isa = PBXFileReference; fileEncoding = 4; lastKnownFileType = file.xib; path = LeftController.xib; sourceTree = "<group>"; };
		3CFB8764181E470700E24FC2 /* RightController.h */ = {isa = PBXFileReference; fileEncoding = 4; lastKnownFileType = sourcecode.c.h; path = RightController.h; sourceTree = "<group>"; };
		3CFB8765181E470700E24FC2 /* RightController.m */ = {isa = PBXFileReference; fileEncoding = 4; lastKnownFileType = sourcecode.c.objc; path = RightController.m; sourceTree = "<group>"; };
		3CFB8766181E470700E24FC2 /* RightController.xib */ = {isa = PBXFileReference; fileEncoding = 4; lastKnownFileType = file.xib; path = RightController.xib; sourceTree = "<group>"; };
		3CFB876A181E50F200E24FC2 /* JSON.h */ = {isa = PBXFileReference; fileEncoding = 4; lastKnownFileType = sourcecode.c.h; path = JSON.h; sourceTree = "<group>"; };
		3CFB876B181E50F200E24FC2 /* NSObject+SBJSON.h */ = {isa = PBXFileReference; fileEncoding = 4; lastKnownFileType = sourcecode.c.h; path = "NSObject+SBJSON.h"; sourceTree = "<group>"; };
		3CFB876C181E50F200E24FC2 /* NSObject+SBJSON.m */ = {isa = PBXFileReference; fileEncoding = 4; lastKnownFileType = sourcecode.c.objc; path = "NSObject+SBJSON.m"; sourceTree = "<group>"; };
		3CFB876D181E50F200E24FC2 /* NSString+SBJSON.h */ = {isa = PBXFileReference; fileEncoding = 4; lastKnownFileType = sourcecode.c.h; path = "NSString+SBJSON.h"; sourceTree = "<group>"; };
		3CFB876E181E50F200E24FC2 /* NSString+SBJSON.m */ = {isa = PBXFileReference; fileEncoding = 4; lastKnownFileType = sourcecode.c.objc; path = "NSString+SBJSON.m"; sourceTree = "<group>"; };
		3CFB876F181E50F200E24FC2 /* SBJSON.h */ = {isa = PBXFileReference; fileEncoding = 4; lastKnownFileType = sourcecode.c.h; path = SBJSON.h; sourceTree = "<group>"; };
		3CFB8770181E50F200E24FC2 /* SBJSON.m */ = {isa = PBXFileReference; fileEncoding = 4; lastKnownFileType = sourcecode.c.objc; path = SBJSON.m; sourceTree = "<group>"; };
		3CFB8771181E50F200E24FC2 /* SBJsonBase.h */ = {isa = PBXFileReference; fileEncoding = 4; lastKnownFileType = sourcecode.c.h; path = SBJsonBase.h; sourceTree = "<group>"; };
		3CFB8772181E50F200E24FC2 /* SBJsonBase.m */ = {isa = PBXFileReference; fileEncoding = 4; lastKnownFileType = sourcecode.c.objc; path = SBJsonBase.m; sourceTree = "<group>"; };
		3CFB8773181E50F200E24FC2 /* SBJsonParser.h */ = {isa = PBXFileReference; fileEncoding = 4; lastKnownFileType = sourcecode.c.h; path = SBJsonParser.h; sourceTree = "<group>"; };
		3CFB8774181E50F200E24FC2 /* SBJsonParser.m */ = {isa = PBXFileReference; fileEncoding = 4; lastKnownFileType = sourcecode.c.objc; path = SBJsonParser.m; sourceTree = "<group>"; };
		3CFB8775181E50F200E24FC2 /* SBJsonWriter.h */ = {isa = PBXFileReference; fileEncoding = 4; lastKnownFileType = sourcecode.c.h; path = SBJsonWriter.h; sourceTree = "<group>"; };
		3CFB8776181E50F200E24FC2 /* SBJsonWriter.m */ = {isa = PBXFileReference; fileEncoding = 4; lastKnownFileType = sourcecode.c.objc; path = SBJsonWriter.m; sourceTree = "<group>"; };
		3CFB8780181E6BE000E24FC2 /* WeatherCell.h */ = {isa = PBXFileReference; fileEncoding = 4; lastKnownFileType = sourcecode.c.h; path = WeatherCell.h; sourceTree = "<group>"; };
		3CFB8781181E6BE000E24FC2 /* WeatherCell.m */ = {isa = PBXFileReference; fileEncoding = 4; lastKnownFileType = sourcecode.c.objc; path = WeatherCell.m; sourceTree = "<group>"; };
		3CFB8783181E6C0600E24FC2 /* WeatherCell.xib */ = {isa = PBXFileReference; fileEncoding = 4; lastKnownFileType = file.xib; path = WeatherCell.xib; sourceTree = "<group>"; };
		3CFB8785181E72A300E24FC2 /* HeadWeatherView.h */ = {isa = PBXFileReference; fileEncoding = 4; lastKnownFileType = sourcecode.c.h; path = HeadWeatherView.h; sourceTree = "<group>"; };
		3CFB8786181E72A300E24FC2 /* HeadWeatherView.m */ = {isa = PBXFileReference; fileEncoding = 4; lastKnownFileType = sourcecode.c.objc; path = HeadWeatherView.m; sourceTree = "<group>"; };
/* End PBXFileReference section */

/* Begin PBXFrameworksBuildPhase section */
		3CFB8700181E0E1E00E24FC2 /* Frameworks */ = {
			isa = PBXFrameworksBuildPhase;
			buildActionMask = 2147483647;
			files = (
				3CFB8709181E0E1E00E24FC2 /* CoreGraphics.framework in Frameworks */,
				3CFB870B181E0E1E00E24FC2 /* UIKit.framework in Frameworks */,
				3CFB8707181E0E1E00E24FC2 /* Foundation.framework in Frameworks */,
			);
			runOnlyForDeploymentPostprocessing = 0;
		};
		3CFB871B181E0E1E00E24FC2 /* Frameworks */ = {
			isa = PBXFrameworksBuildPhase;
			buildActionMask = 2147483647;
			files = (
				3CFB8720181E0E1E00E24FC2 /* XCTest.framework in Frameworks */,
				3CFB8722181E0E1E00E24FC2 /* UIKit.framework in Frameworks */,
				3CFB8721181E0E1E00E24FC2 /* Foundation.framework in Frameworks */,
			);
			runOnlyForDeploymentPostprocessing = 0;
		};
/* End PBXFrameworksBuildPhase section */

/* Begin PBXGroup section */
		3CFB86FA181E0E1E00E24FC2 = {
			isa = PBXGroup;
			children = (
				3CFB870C181E0E1E00E24FC2 /* ZCGV2 */,
				3CFB8725181E0E1E00E24FC2 /* ZCGV2Tests */,
				3CFB8705181E0E1E00E24FC2 /* Frameworks */,
				3CFB8704181E0E1E00E24FC2 /* Products */,
			);
			sourceTree = "<group>";
		};
		3CFB8704181E0E1E00E24FC2 /* Products */ = {
			isa = PBXGroup;
			children = (
				3CFB8703181E0E1E00E24FC2 /* ZCGV2.app */,
				3CFB871E181E0E1E00E24FC2 /* ZCGV2Tests.xctest */,
			);
			name = Products;
			sourceTree = "<group>";
		};
		3CFB8705181E0E1E00E24FC2 /* Frameworks */ = {
			isa = PBXGroup;
			children = (
				3CFB8706181E0E1E00E24FC2 /* Foundation.framework */,
				3CFB8708181E0E1E00E24FC2 /* CoreGraphics.framework */,
				3CFB870A181E0E1E00E24FC2 /* UIKit.framework */,
				3CFB871F181E0E1E00E24FC2 /* XCTest.framework */,
			);
			name = Frameworks;
			sourceTree = "<group>";
		};
		3CFB870C181E0E1E00E24FC2 /* ZCGV2 */ = {
			isa = PBXGroup;
			children = (
				3CFB8769181E50D400E24FC2 /* Third */,
				3CFB8750181E0F6000E24FC2 /* Resources */,
				3CFB873F181E0EB600E24FC2 /* Controllers */,
				3CFB8715181E0E1E00E24FC2 /* ZGCAppDelegate.h */,
				3CFB8716181E0E1E00E24FC2 /* ZGCAppDelegate.m */,
				3CFB8718181E0E1E00E24FC2 /* Images.xcassets */,
				3CFB870D181E0E1E00E24FC2 /* Supporting Files */,
			);
			path = ZCGV2;
			sourceTree = "<group>";
		};
		3CFB870D181E0E1E00E24FC2 /* Supporting Files */ = {
			isa = PBXGroup;
			children = (
				3CFB870E181E0E1E00E24FC2 /* ZCGV2-Info.plist */,
				3CFB870F181E0E1E00E24FC2 /* InfoPlist.strings */,
				3CFB8712181E0E1E00E24FC2 /* main.m */,
				3CFB8714181E0E1E00E24FC2 /* ZCGV2-Prefix.pch */,
			);
			name = "Supporting Files";
			sourceTree = "<group>";
		};
		3CFB8725181E0E1E00E24FC2 /* ZCGV2Tests */ = {
			isa = PBXGroup;
			children = (
				3CFB872B181E0E1E00E24FC2 /* ZCGV2Tests.m */,
				3CFB8726181E0E1E00E24FC2 /* Supporting Files */,
			);
			path = ZCGV2Tests;
			sourceTree = "<group>";
		};
		3CFB8726181E0E1E00E24FC2 /* Supporting Files */ = {
			isa = PBXGroup;
			children = (
				3CFB8727181E0E1E00E24FC2 /* ZCGV2Tests-Info.plist */,
				3CFB8728181E0E1E00E24FC2 /* InfoPlist.strings */,
			);
			name = "Supporting Files";
			sourceTree = "<group>";
		};
		3CFB873F181E0EB600E24FC2 /* Controllers */ = {
			isa = PBXGroup;
			children = (
				3CFB874D181E0F4D00E24FC2 /* DDMenuController.h */,
				3CFB874E181E0F4D00E24FC2 /* DDMenuController.m */,
				3CFB8749181E0F1E00E24FC2 /* FeedController */,
				3CFB8745181E0F0400E24FC2 /* RightController */,
				3CFB8741181E0EED00E24FC2 /* LeftController */,
			);
			name = Controllers;
			sourceTree = "<group>";
		};
		3CFB8741181E0EED00E24FC2 /* LeftController */ = {
			isa = PBXGroup;
			children = (
				3CFB8755181E348900E24FC2 /* LeftController.h */,
				3CFB8756181E348900E24FC2 /* LeftController.m */,
				3CFB8757181E348900E24FC2 /* LeftController.xib */,
			);
			name = LeftController;
			sourceTree = "<group>";
		};
		3CFB8745181E0F0400E24FC2 /* RightController */ = {
			isa = PBXGroup;
			children = (
				3CFB8764181E470700E24FC2 /* RightController.h */,
				3CFB8765181E470700E24FC2 /* RightController.m */,
				3CFB8766181E470700E24FC2 /* RightController.xib */,
				3CFB8780181E6BE000E24FC2 /* WeatherCell.h */,
				3CFB8781181E6BE000E24FC2 /* WeatherCell.m */,
				3CFB8783181E6C0600E24FC2 /* WeatherCell.xib */,
				3CFB8785181E72A300E24FC2 /* HeadWeatherView.h */,
				3CFB8786181E72A300E24FC2 /* HeadWeatherView.m */,
			);
			name = RightController;
			sourceTree = "<group>";
		};
		3CFB8749181E0F1E00E24FC2 /* FeedController */ = {
			isa = PBXGroup;
			children = (
				3CFB874A181E0F4000E24FC2 /* FeedController.h */,
				3CFB874B181E0F4000E24FC2 /* FeedController.m */,
			);
			name = FeedController;
			sourceTree = "<group>";
		};
		3CFB8750181E0F6000E24FC2 /* Resources */ = {
			isa = PBXGroup;
			children = (
				3CFB8751181E0F6900E24FC2 /* nav_menu_icon@2x.png */,
			);
			name = Resources;
			sourceTree = "<group>";
		};
		3CFB8769181E50D400E24FC2 /* Third */ = {
			isa = PBXGroup;
			children = (
				3CFB876A181E50F200E24FC2 /* JSON.h */,
				3CFB876B181E50F200E24FC2 /* NSObject+SBJSON.h */,
				3CFB876C181E50F200E24FC2 /* NSObject+SBJSON.m */,
				3CFB876D181E50F200E24FC2 /* NSString+SBJSON.h */,
				3CFB876E181E50F200E24FC2 /* NSString+SBJSON.m */,
				3CFB876F181E50F200E24FC2 /* SBJSON.h */,
				3CFB8770181E50F200E24FC2 /* SBJSON.m */,
				3CFB8771181E50F200E24FC2 /* SBJsonBase.h */,
				3CFB8772181E50F200E24FC2 /* SBJsonBase.m */,
				3CFB8773181E50F200E24FC2 /* SBJsonParser.h */,
				3CFB8774181E50F200E24FC2 /* SBJsonParser.m */,
				3CFB8775181E50F200E24FC2 /* SBJsonWriter.h */,
				3CFB8776181E50F200E24FC2 /* SBJsonWriter.m */,
			);
			name = Third;
			sourceTree = "<group>";
		};
/* End PBXGroup section */

/* Begin PBXNativeTarget section */
		3CFB8702181E0E1E00E24FC2 /* ZCGV2 */ = {
			isa = PBXNativeTarget;
			buildConfigurationList = 3CFB872F181E0E1E00E24FC2 /* Build configuration list for PBXNativeTarget "ZCGV2" */;
			buildPhases = (
				3CFB86FF181E0E1E00E24FC2 /* Sources */,
				3CFB8700181E0E1E00E24FC2 /* Frameworks */,
				3CFB8701181E0E1E00E24FC2 /* Resources */,
			);
			buildRules = (
			);
			dependencies = (
			);
			name = ZCGV2;
			productName = ZCGV2;
			productReference = 3CFB8703181E0E1E00E24FC2 /* ZCGV2.app */;
			productType = "com.apple.product-type.application";
		};
		3CFB871D181E0E1E00E24FC2 /* ZCGV2Tests */ = {
			isa = PBXNativeTarget;
			buildConfigurationList = 3CFB8732181E0E1E00E24FC2 /* Build configuration list for PBXNativeTarget "ZCGV2Tests" */;
			buildPhases = (
				3CFB871A181E0E1E00E24FC2 /* Sources */,
				3CFB871B181E0E1E00E24FC2 /* Frameworks */,
				3CFB871C181E0E1E00E24FC2 /* Resources */,
			);
			buildRules = (
			);
			dependencies = (
				3CFB8724181E0E1E00E24FC2 /* PBXTargetDependency */,
			);
			name = ZCGV2Tests;
			productName = ZCGV2Tests;
			productReference = 3CFB871E181E0E1E00E24FC2 /* ZCGV2Tests.xctest */;
			productType = "com.apple.product-type.bundle.unit-test";
		};
/* End PBXNativeTarget section */

/* Begin PBXProject section */
		3CFB86FB181E0E1E00E24FC2 /* Project object */ = {
			isa = PBXProject;
			attributes = {
				CLASSPREFIX = ZGC;
				LastUpgradeCheck = 0500;
				ORGANIZATIONNAME = wukai;
				TargetAttributes = {
					3CFB871D181E0E1E00E24FC2 = {
						TestTargetID = 3CFB8702181E0E1E00E24FC2;
					};
				};
			};
			buildConfigurationList = 3CFB86FE181E0E1E00E24FC2 /* Build configuration list for PBXProject "ZCGV2" */;
			compatibilityVersion = "Xcode 3.2";
			developmentRegion = English;
			hasScannedForEncodings = 0;
			knownRegions = (
				en,
			);
			mainGroup = 3CFB86FA181E0E1E00E24FC2;
			productRefGroup = 3CFB8704181E0E1E00E24FC2 /* Products */;
			projectDirPath = "";
			projectRoot = "";
			targets = (
				3CFB8702181E0E1E00E24FC2 /* ZCGV2 */,
				3CFB871D181E0E1E00E24FC2 /* ZCGV2Tests */,
			);
		};
/* End PBXProject section */

/* Begin PBXResourcesBuildPhase section */
		3CFB8701181E0E1E00E24FC2 /* Resources */ = {
			isa = PBXResourcesBuildPhase;
			buildActionMask = 2147483647;
			files = (
				3CFB8752181E0F6900E24FC2 /* nav_menu_icon@2x.png in Resources */,
				3CFB8711181E0E1E00E24FC2 /* InfoPlist.strings in Resources */,
				3CFB8784181E6C0600E24FC2 /* WeatherCell.xib in Resources */,
				3CFB8759181E348900E24FC2 /* LeftController.xib in Resources */,
				3CFB8768181E470700E24FC2 /* RightController.xib in Resources */,
				3CFB8719181E0E1E00E24FC2 /* Images.xcassets in Resources */,
			);
			runOnlyForDeploymentPostprocessing = 0;
		};
		3CFB871C181E0E1E00E24FC2 /* Resources */ = {
			isa = PBXResourcesBuildPhase;
			buildActionMask = 2147483647;
			files = (
				3CFB872A181E0E1E00E24FC2 /* InfoPlist.strings in Resources */,
			);
			runOnlyForDeploymentPostprocessing = 0;
		};
/* End PBXResourcesBuildPhase section */

/* Begin PBXSourcesBuildPhase section */
		3CFB86FF181E0E1E00E24FC2 /* Sources */ = {
			isa = PBXSourcesBuildPhase;
			buildActionMask = 2147483647;
			files = (
				3CFB8779181E50F200E24FC2 /* SBJSON.m in Sources */,
				3CFB8782181E6BE000E24FC2 /* WeatherCell.m in Sources */,
				3CFB877C181E50F200E24FC2 /* SBJsonWriter.m in Sources */,
				3CFB8767181E470700E24FC2 /* RightController.m in Sources */,
				3CFB874F181E0F4D00E24FC2 /* DDMenuController.m in Sources */,
				3CFB8787181E72A300E24FC2 /* HeadWeatherView.m in Sources */,
				3CFB8713181E0E1E00E24FC2 /* main.m in Sources */,
				3CFB877B181E50F200E24FC2 /* SBJsonParser.m in Sources */,
				3CFB874C181E0F4000E24FC2 /* FeedController.m in Sources */,
				3CFB8777181E50F200E24FC2 /* NSObject+SBJSON.m in Sources */,
				3CFB8758181E348900E24FC2 /* LeftController.m in Sources */,
				3CFB877A181E50F200E24FC2 /* SBJsonBase.m in Sources */,
				3CFB8778181E50F200E24FC2 /* NSString+SBJSON.m in Sources */,
				3CFB8717181E0E1E00E24FC2 /* ZGCAppDelegate.m in Sources */,
			);
			runOnlyForDeploymentPostprocessing = 0;
		};
		3CFB871A181E0E1E00E24FC2 /* Sources */ = {
			isa = PBXSourcesBuildPhase;
			buildActionMask = 2147483647;
			files = (
				3CFB872C181E0E1E00E24FC2 /* ZCGV2Tests.m in Sources */,
			);
			runOnlyForDeploymentPostprocessing = 0;
		};
/* End PBXSourcesBuildPhase section */

/* Begin PBXTargetDependency section */
		3CFB8724181E0E1E00E24FC2 /* PBXTargetDependency */ = {
			isa = PBXTargetDependency;
			target = 3CFB8702181E0E1E00E24FC2 /* ZCGV2 */;
			targetProxy = 3CFB8723181E0E1E00E24FC2 /* PBXContainerItemProxy */;
		};
/* End PBXTargetDependency section */

/* Begin PBXVariantGroup section */
		3CFB870F181E0E1E00E24FC2 /* InfoPlist.strings */ = {
			isa = PBXVariantGroup;
			children = (
				3CFB8710181E0E1E00E24FC2 /* en */,
			);
			name = InfoPlist.strings;
			sourceTree = "<group>";
		};
		3CFB8728181E0E1E00E24FC2 /* InfoPlist.strings */ = {
			isa = PBXVariantGroup;
			children = (
				3CFB8729181E0E1E00E24FC2 /* en */,
			);
			name = InfoPlist.strings;
			sourceTree = "<group>";
		};
/* End PBXVariantGroup section */

/* Begin XCBuildConfiguration section */
		3CFB872D181E0E1E00E24FC2 /* Debug */ = {
			isa = XCBuildConfiguration;
			buildSettings = {
				ALWAYS_SEARCH_USER_PATHS = NO;
				ARCHS = "$(ARCHS_STANDARD_INCLUDING_64_BIT)";
				CLANG_CXX_LANGUAGE_STANDARD = "gnu++0x";
				CLANG_CXX_LIBRARY = "libc++";
				CLANG_ENABLE_MODULES = YES;
				CLANG_ENABLE_OBJC_ARC = YES;
				CLANG_WARN_BOOL_CONVERSION = YES;
				CLANG_WARN_CONSTANT_CONVERSION = YES;
				CLANG_WARN_DIRECT_OBJC_ISA_USAGE = YES_ERROR;
				CLANG_WARN_EMPTY_BODY = YES;
				CLANG_WARN_ENUM_CONVERSION = YES;
				CLANG_WARN_INT_CONVERSION = YES;
				CLANG_WARN_OBJC_ROOT_CLASS = YES_ERROR;
				CLANG_WARN__DUPLICATE_METHOD_MATCH = YES;
				"CODE_SIGN_IDENTITY[sdk=iphoneos*]" = "iPhone Developer";
				COPY_PHASE_STRIP = NO;
				GCC_C_LANGUAGE_STANDARD = gnu99;
				GCC_DYNAMIC_NO_PIC = NO;
				GCC_OPTIMIZATION_LEVEL = 0;
				GCC_PREPROCESSOR_DEFINITIONS = (
					"DEBUG=1",
					"$(inherited)",
				);
				GCC_SYMBOLS_PRIVATE_EXTERN = NO;
				GCC_WARN_64_TO_32_BIT_CONVERSION = YES;
				GCC_WARN_ABOUT_RETURN_TYPE = YES_ERROR;
				GCC_WARN_UNDECLARED_SELECTOR = YES;
				GCC_WARN_UNINITIALIZED_AUTOS = YES;
				GCC_WARN_UNUSED_FUNCTION = YES;
				GCC_WARN_UNUSED_VARIABLE = YES;
				IPHONEOS_DEPLOYMENT_TARGET = 7.0;
				ONLY_ACTIVE_ARCH = YES;
				SDKROOT = iphoneos;
			};
			name = Debug;
		};
		3CFB872E181E0E1E00E24FC2 /* Release */ = {
			isa = XCBuildConfiguration;
			buildSettings = {
				ALWAYS_SEARCH_USER_PATHS = NO;
				ARCHS = "$(ARCHS_STANDARD_INCLUDING_64_BIT)";
				CLANG_CXX_LANGUAGE_STANDARD = "gnu++0x";
				CLANG_CXX_LIBRARY = "libc++";
				CLANG_ENABLE_MODULES = YES;
				CLANG_ENABLE_OBJC_ARC = YES;
				CLANG_WARN_BOOL_CONVERSION = YES;
				CLANG_WARN_CONSTANT_CONVERSION = YES;
				CLANG_WARN_DIRECT_OBJC_ISA_USAGE = YES_ERROR;
				CLANG_WARN_EMPTY_BODY = YES;
				CLANG_WARN_ENUM_CONVERSION = YES;
				CLANG_WARN_INT_CONVERSION = YES;
				CLANG_WARN_OBJC_ROOT_CLASS = YES_ERROR;
				CLANG_WARN__DUPLICATE_METHOD_MATCH = YES;
				"CODE_SIGN_IDENTITY[sdk=iphoneos*]" = "iPhone Developer";
				COPY_PHASE_STRIP = YES;
				ENABLE_NS_ASSERTIONS = NO;
				GCC_C_LANGUAGE_STANDARD = gnu99;
				GCC_WARN_64_TO_32_BIT_CONVERSION = YES;
				GCC_WARN_ABOUT_RETURN_TYPE = YES_ERROR;
				GCC_WARN_UNDECLARED_SELECTOR = YES;
				GCC_WARN_UNINITIALIZED_AUTOS = YES;
				GCC_WARN_UNUSED_FUNCTION = YES;
				GCC_WARN_UNUSED_VARIABLE = YES;
				IPHONEOS_DEPLOYMENT_TARGET = 7.0;
				SDKROOT = iphoneos;
				VALIDATE_PRODUCT = YES;
			};
			name = Release;
		};
		3CFB8730181E0E1E00E24FC2 /* Debug */ = {
			isa = XCBuildConfiguration;
			buildSettings = {
				ASSETCATALOG_COMPILER_APPICON_NAME = AppIcon;
				ASSETCATALOG_COMPILER_LAUNCHIMAGE_NAME = LaunchImage;
				GCC_PRECOMPILE_PREFIX_HEADER = YES;
				GCC_PREFIX_HEADER = "ZCGV2/ZCGV2-Prefix.pch";
				INFOPLIST_FILE = "ZCGV2/ZCGV2-Info.plist";
				PRODUCT_NAME = "$(TARGET_NAME)";
				WRAPPER_EXTENSION = app;
			};
			name = Debug;
		};
		3CFB8731181E0E1E00E24FC2 /* Release */ = {
			isa = XCBuildConfiguration;
			buildSettings = {
				ASSETCATALOG_COMPILER_APPICON_NAME = AppIcon;
				ASSETCATALOG_COMPILER_LAUNCHIMAGE_NAME = LaunchImage;
				GCC_PRECOMPILE_PREFIX_HEADER = YES;
				GCC_PREFIX_HEADER = "ZCGV2/ZCGV2-Prefix.pch";
				INFOPLIST_FILE = "ZCGV2/ZCGV2-Info.plist";
				PRODUCT_NAME = "$(TARGET_NAME)";
				WRAPPER_EXTENSION = app;
			};
			name = Release;
		};
		3CFB8733181E0E1E00E24FC2 /* Debug */ = {
			isa = XCBuildConfiguration;
			buildSettings = {
				ARCHS = "$(ARCHS_STANDARD_INCLUDING_64_BIT)";
				BUNDLE_LOADER = "$(BUILT_PRODUCTS_DIR)/ZCGV2.app/ZCGV2";
				FRAMEWORK_SEARCH_PATHS = (
					"$(SDKROOT)/Developer/Library/Frameworks",
					"$(inherited)",
					"$(DEVELOPER_FRAMEWORKS_DIR)",
				);
				GCC_PRECOMPILE_PREFIX_HEADER = YES;
				GCC_PREFIX_HEADER = "ZCGV2/ZCGV2-Prefix.pch";
				GCC_PREPROCESSOR_DEFINITIONS = (
					"DEBUG=1",
					"$(inherited)",
				);
				INFOPLIST_FILE = "ZCGV2Tests/ZCGV2Tests-Info.plist";
				PRODUCT_NAME = "$(TARGET_NAME)";
				TEST_HOST = "$(BUNDLE_LOADER)";
				WRAPPER_EXTENSION = xctest;
			};
			name = Debug;
		};
		3CFB8734181E0E1E00E24FC2 /* Release */ = {
			isa = XCBuildConfiguration;
			buildSettings = {
				ARCHS = "$(ARCHS_STANDARD_INCLUDING_64_BIT)";
				BUNDLE_LOADER = "$(BUILT_PRODUCTS_DIR)/ZCGV2.app/ZCGV2";
				FRAMEWORK_SEARCH_PATHS = (
					"$(SDKROOT)/Developer/Library/Frameworks",
					"$(inherited)",
					"$(DEVELOPER_FRAMEWORKS_DIR)",
				);
				GCC_PRECOMPILE_PREFIX_HEADER = YES;
				GCC_PREFIX_HEADER = "ZCGV2/ZCGV2-Prefix.pch";
				INFOPLIST_FILE = "ZCGV2Tests/ZCGV2Tests-Info.plist";
				PRODUCT_NAME = "$(TARGET_NAME)";
				TEST_HOST = "$(BUNDLE_LOADER)";
				WRAPPER_EXTENSION = xctest;
			};
			name = Release;
		};
/* End XCBuildConfiguration section */

/* Begin XCConfigurationList section */
		3CFB86FE181E0E1E00E24FC2 /* Build configuration list for PBXProject "ZCGV2" */ = {
			isa = XCConfigurationList;
			buildConfigurations = (
				3CFB872D181E0E1E00E24FC2 /* Debug */,
				3CFB872E181E0E1E00E24FC2 /* Release */,
			);
			defaultConfigurationIsVisible = 0;
			defaultConfigurationName = Release;
		};
		3CFB872F181E0E1E00E24FC2 /* Build configuration list for PBXNativeTarget "ZCGV2" */ = {
			isa = XCConfigurationList;
			buildConfigurations = (
				3CFB8730181E0E1E00E24FC2 /* Debug */,
				3CFB8731181E0E1E00E24FC2 /* Release */,
			);
			defaultConfigurationIsVisible = 0;
		};
		3CFB8732181E0E1E00E24FC2 /* Build configuration list for PBXNativeTarget "ZCGV2Tests" */ = {
			isa = XCConfigurationList;
			buildConfigurations = (
				3CFB8733181E0E1E00E24FC2 /* Debug */,
				3CFB8734181E0E1E00E24FC2 /* Release */,
			);
			defaultConfigurationIsVisible = 0;
		};
/* End XCConfigurationList section */
	};
	rootObject = 3CFB86FB181E0E1E00E24FC2 /* Project object */;
}
